
Microsoft Visual Studio Solution File, Format Version 12.00
# Visual Studio Version 16
VisualStudioVersion = 16.0.33328.57
MinimumVisualStudioVersion = 10.0.40219.1
Project("{FAE04EC0-301F-11D3-BF4B-00C04F79EFBC}") = "WebBookStore", "WebBookStore\WebBookStore.csproj", "{93C890A4-A8BF-4D30-AA68-6EA365C1789B}"
EndProject
Global
	GlobalSection(SolutionConfigurationPlatforms) = preSolution
		Debug|Any CPU = Debug|Any CPU
		Release|Any CPU = Release|Any CPU
	EndGlobalSection
	GlobalSection(ProjectConfigurationPlatforms) = postSolution
		{93C890A4-A8BF-4D30-AA68-6EA365C1789B}.Debug|Any CPU.ActiveCfg = Debug|Any CPU
		{93C890A4-A8BF-4D30-AA68-6EA365C1789B}.Debug|Any CPU.Build.0 = Debug|Any CPU
		{93C890A4-A8BF-4D30-AA68-6EA365C1789B}.Release|Any CPU.ActiveCfg = Release|Any CPU
		{93C890A4-A8BF-4D30-AA68-6EA365C1789B}.Release|Any CPU.Build.0 = Release|Any CPU
	EndGlobalSection
	GlobalSection(SolutionProperties) = preSolution
		HideSolutionNode = FALSE
	EndGlobalSection
	GlobalSection(ExtensibilityGlobals) = postSolution
		SolutionGuid = {6FDE2CC1-8898-4C73-B5B9-D4EA4504EA70}
	EndGlobalSection
EndGlobal
